
Microsoft Visual Studio Solution File, Format Version 12.00
# Visual Studio Version 17
VisualStudioVersion = 17.2.32630.192
MinimumVisualStudioVersion = 10.0.40219.1
Project("{FAE04EC0-301F-11D3-BF4B-00C04F79EFBC}") = "AmNet Cloud", "AmNet Cloud.csproj", "{44E439EF-E6E8-4FEA-B518-5AC019C39D9D}"
EndProject
Global
	GlobalSection(SolutionConfigurationPlatforms) = preSolution
		Debug|Any CPU = Debug|Any CPU
		Release|Any CPU = Release|Any CPU
	EndGlobalSection
	GlobalSection(ProjectConfigurationPlatforms) = postSolution
		{44E439EF-E6E8-4FEA-B518-5AC019C39D9D}.Debug|Any CPU.ActiveCfg = Debug|Any CPU
		{44E439EF-E6E8-4FEA-B518-5AC019C39D9D}.Debug|Any CPU.Build.0 = Debug|Any CPU
		{44E439EF-E6E8-4FEA-B518-5AC019C39D9D}.Release|Any CPU.ActiveCfg = Release|Any CPU
		{44E439EF-E6E8-4FEA-B518-5AC019C39D9D}.Release|Any CPU.Build.0 = Release|Any CPU
	EndGlobalSection
	GlobalSection(SolutionProperties) = preSolution
		HideSolutionNode = FALSE
	EndGlobalSection
	GlobalSection(ExtensibilityGlobals) = postSolution
		SolutionGuid = {44BE12AA-9D28-4DEC-9023-BCA843F6CFD2}
	EndGlobalSection
EndGlobal
